
Microsoft Visual Studio Solution File, Format Version 12.00
# Visual Studio 2013
VisualStudioVersion = 12.0.40629.0
MinimumVisualStudioVersion = 10.0.40219.1
Project("{8BC9CEB8-8B4A-11D0-8D11-00A0C91BC942}") = "PhotoCV", "project\PhotoCV\vc12\PhotoCV.vcxproj", "{51E0F9CD-F494-4A94-861C-C3A8472B9429}"
EndProject
Global
	GlobalSection(SolutionConfigurationPlatforms) = preSolution
		DLL_Debug|Win32 = DLL_Debug|Win32
		DLL_Debug|x64 = DLL_Debug|x64
		DLL_Release|Win32 = DLL_Release|Win32
		DLL_Release|x64 = DLL_Release|x64
		EXE_Debug|Win32 = EXE_Debug|Win32
		EXE_Debug|x64 = EXE_Debug|x64
		EXE_Release|Win32 = EXE_Release|Win32
		EXE_Release|x64 = EXE_Release|x64
		STATIC_Debug|Win32 = STATIC_Debug|Win32
		STATIC_Debug|x64 = STATIC_Debug|x64
		STATIC_Release|Win32 = STATIC_Release|Win32
		STATIC_Release|x64 = STATIC_Release|x64
	EndGlobalSection
	GlobalSection(ProjectConfigurationPlatforms) = postSolution
		{51E0F9CD-F494-4A94-861C-C3A8472B9429}.DLL_Debug|Win32.ActiveCfg = DLL_Debug|Win32
		{51E0F9CD-F494-4A94-861C-C3A8472B9429}.DLL_Debug|Win32.Build.0 = DLL_Debug|Win32
		{51E0F9CD-F494-4A94-861C-C3A8472B9429}.DLL_Debug|x64.ActiveCfg = DLL_Debug|x64
		{51E0F9CD-F494-4A94-861C-C3A8472B9429}.DLL_Debug|x64.Build.0 = DLL_Debug|x64
		{51E0F9CD-F494-4A94-861C-C3A8472B9429}.DLL_Release|Win32.ActiveCfg = DLL_Release|Win32
		{51E0F9CD-F494-4A94-861C-C3A8472B9429}.DLL_Release|Win32.Build.0 = DLL_Release|Win32
		{51E0F9CD-F494-4A94-861C-C3A8472B9429}.DLL_Release|x64.ActiveCfg = DLL_Release|x64
		{51E0F9CD-F494-4A94-861C-C3A8472B9429}.DLL_Release|x64.Build.0 = DLL_Release|x64
		{51E0F9CD-F494-4A94-861C-C3A8472B9429}.EXE_Debug|Win32.ActiveCfg = EXE_Debug|Win32
		{51E0F9CD-F494-4A94-861C-C3A8472B9429}.EXE_Debug|Win32.Build.0 = EXE_Debug|Win32
		{51E0F9CD-F494-4A94-861C-C3A8472B9429}.EXE_Debug|x64.ActiveCfg = EXE_Debug|x64
		{51E0F9CD-F494-4A94-861C-C3A8472B9429}.EXE_Debug|x64.Build.0 = EXE_Debug|x64
		{51E0F9CD-F494-4A94-861C-C3A8472B9429}.EXE_Release|Win32.ActiveCfg = EXE_Release|Win32
		{51E0F9CD-F494-4A94-861C-C3A8472B9429}.EXE_Release|Win32.Build.0 = EXE_Release|Win32
		{51E0F9CD-F494-4A94-861C-C3A8472B9429}.EXE_Release|x64.ActiveCfg = EXE_Release|x64
		{51E0F9CD-F494-4A94-861C-C3A8472B9429}.EXE_Release|x64.Build.0 = EXE_Release|x64
		{51E0F9CD-F494-4A94-861C-C3A8472B9429}.STATIC_Debug|Win32.ActiveCfg = STATIC_Debug|Win32
		{51E0F9CD-F494-4A94-861C-C3A8472B9429}.STATIC_Debug|Win32.Build.0 = STATIC_Debug|Win32
		{51E0F9CD-F494-4A94-861C-C3A8472B9429}.STATIC_Debug|x64.ActiveCfg = STATIC_Debug|x64
		{51E0F9CD-F494-4A94-861C-C3A8472B9429}.STATIC_Debug|x64.Build.0 = STATIC_Debug|x64
		{51E0F9CD-F494-4A94-861C-C3A8472B9429}.STATIC_Release|Win32.ActiveCfg = STATIC_Release|Win32
		{51E0F9CD-F494-4A94-861C-C3A8472B9429}.STATIC_Release|Win32.Build.0 = STATIC_Release|Win32
		{51E0F9CD-F494-4A94-861C-C3A8472B9429}.STATIC_Release|x64.ActiveCfg = STATIC_Release|x64
		{51E0F9CD-F494-4A94-861C-C3A8472B9429}.STATIC_Release|x64.Build.0 = STATIC_Release|x64
	EndGlobalSection
	GlobalSection(SolutionProperties) = preSolution
		HideSolutionNode = FALSE
	EndGlobalSection
EndGlobal
