
Microsoft Visual Studio Solution File, Format Version 12.00
# Visual Studio 2013
VisualStudioVersion = 12.0.40629.0
MinimumVisualStudioVersion = 10.0.40219.1
Project("{2150E333-8FDC-42A3-9474-1A3956D46DE8}") = "Win32Core", "Win32Core", "{D1272FD9-DDB8-413E-86D4-7417DE651718}"
EndProject
Project("{2150E333-8FDC-42A3-9474-1A3956D46DE8}") = "QtNote", "QtNote", "{D00BAF08-35AC-4D64-8489-8E859DFDF7C2}"
EndProject
Project("{2150E333-8FDC-42A3-9474-1A3956D46DE8}") = "GraphNote", "GraphNote", "{9F0467B8-D10F-4D05-A34D-683BFC15186B}"
EndProject
Project("{2150E333-8FDC-42A3-9474-1A3956D46DE8}") = "SQNote", "SQNote", "{E0DCCBB4-FE37-43CE-8B01-7930F76A3102}"
EndProject
Project("{2150E333-8FDC-42A3-9474-1A3956D46DE8}") = "APP", "APP", "{2D894D04-5BB1-43D4-8CFE-8B17F0EC22EB}"
EndProject
Project("{8BC9CEB8-8B4A-11D0-8D11-00A0C91BC942}") = "SQCore", "project\SQCore\vc12\SQCore.vcxproj", "{25FDFDE8-75A1-4153-ACC1-E3ECE3174F4E}"
EndProject
Project("{2150E333-8FDC-42A3-9474-1A3956D46DE8}") = "QT4", "QT4", "{174A8242-0F70-416D-A9F7-B2120B9DE381}"
EndProject
Project("{2150E333-8FDC-42A3-9474-1A3956D46DE8}") = "QT5", "QT5", "{EFEF16AE-8EEB-4F07-A5FB-0808667AD1B0}"
EndProject
Project("{8BC9CEB8-8B4A-11D0-8D11-00A0C91BC942}") = "QtTomato", "project\QtTomato\vc12\QtTomato.vcxproj", "{989258DB-73DD-4709-9C1F-4AA3E4075E97}"
EndProject
Project("{8BC9CEB8-8B4A-11D0-8D11-00A0C91BC942}") = "QtRouterMang", "project\QtRouterMang\vc12\QtRouterMang.vcxproj", "{85357D53-FFA6-4B1B-B5AB-18EFAB696EBF}"
EndProject
Project("{8BC9CEB8-8B4A-11D0-8D11-00A0C91BC942}") = "PhotoCV", "project\PhotoCV\vc12\PhotoCV.vcxproj", "{51E0F9CD-F494-4A94-861C-C3A8472B9429}"
EndProject
Project("{8BC9CEB8-8B4A-11D0-8D11-00A0C91BC942}") = "SQNativeC", "project\SQNativeC\vc12\SQNativeC.vcxproj", "{C362BD8F-8CA5-48F2-8E7A-1BB91B062953}"
EndProject
Project("{8BC9CEB8-8B4A-11D0-8D11-00A0C91BC942}") = "GLGPU", "project\GLGPU\vc12\GLGPU.vcxproj", "{B2AE5987-B896-4D60-BD6A-9831A219AFC2}"
EndProject
Project("{8BC9CEB8-8B4A-11D0-8D11-00A0C91BC942}") = "SQC", "project\SQC\vc12\SQC.vcxproj", "{5B2A79CB-7986-4411-BFDE-6DB86ADED295}"
EndProject
Project("{8BC9CEB8-8B4A-11D0-8D11-00A0C91BC942}") = "SQSock", "project\SQSock\vc12\SQSock.vcxproj", "{86AD4A86-5C0B-4A11-991E-CDBBDB5AF3E8}"
EndProject
Project("{8BC9CEB8-8B4A-11D0-8D11-00A0C91BC942}") = "DUITool", "project_APP\DUITool\vc12\DUITool.vcxproj", "{3EB20951-73C0-4FC5-B436-A8D1A57A1E1C}"
EndProject
Project("{8BC9CEB8-8B4A-11D0-8D11-00A0C91BC942}") = "Qt5QmlUI", "project\Qt5QmlUI\vc12\Qt5QmlUI.vcxproj", "{8364DCE4-092D-429B-9F70-105D60F3D8A7}"
EndProject
Project("{8BC9CEB8-8B4A-11D0-8D11-00A0C91BC942}") = "Qt5Play", "project\Qt5Play\vc12\Qt5Play.vcxproj", "{23B77323-048B-409D-9377-D341DC0D7D96}"
EndProject
Project("{8BC9CEB8-8B4A-11D0-8D11-00A0C91BC942}") = "GDIPlayer", "project_APP\GDIPlayer\vc12\GDIPlayer.vcxproj", "{6FB2F2DB-D375-48A6-90D4-F4309D42EE88}"
EndProject
Project("{8BC9CEB8-8B4A-11D0-8D11-00A0C91BC942}") = "QtOpenCV", "project\QtOpenCV\vc12\QtOpenCV.vcxproj", "{10D537A2-692C-41F3-9BD4-4DB64D4F6AA6}"
EndProject
Project("{8BC9CEB8-8B4A-11D0-8D11-00A0C91BC942}") = "MFCGUI", "project_APP\MFCGUI\vc12\MFCGUI.vcxproj", "{3EF3443E-7150-4963-BE7B-26F0B3BECF4B}"
EndProject
Project("{8BC9CEB8-8B4A-11D0-8D11-00A0C91BC942}") = "MFCPlayer", "project_APP\MFCPlayer\vc12\MFCPlayer.vcxproj", "{FF49CBAE-52B8-4C94-B764-1345A9D264C0}"
EndProject
Global
	GlobalSection(SolutionConfigurationPlatforms) = preSolution
		DLL_Debug|Win32 = DLL_Debug|Win32
		DLL_Debug|x64 = DLL_Debug|x64
		DLL_Release|Win32 = DLL_Release|Win32
		DLL_Release|x64 = DLL_Release|x64
		EXE_Debug|Win32 = EXE_Debug|Win32
		EXE_Debug|x64 = EXE_Debug|x64
		EXE_Release|Win32 = EXE_Release|Win32
		EXE_Release|x64 = EXE_Release|x64
		Static_Debug|Win32 = Static_Debug|Win32
		Static_Debug|x64 = Static_Debug|x64
		Static_Release|Win32 = Static_Release|Win32
		Static_Release|x64 = Static_Release|x64
	EndGlobalSection
	GlobalSection(ProjectConfigurationPlatforms) = postSolution
		{25FDFDE8-75A1-4153-ACC1-E3ECE3174F4E}.DLL_Debug|Win32.ActiveCfg = DLL_Debug|Win32
		{25FDFDE8-75A1-4153-ACC1-E3ECE3174F4E}.DLL_Debug|Win32.Build.0 = DLL_Debug|Win32
		{25FDFDE8-75A1-4153-ACC1-E3ECE3174F4E}.DLL_Debug|x64.ActiveCfg = DLL_Debug|x64
		{25FDFDE8-75A1-4153-ACC1-E3ECE3174F4E}.DLL_Debug|x64.Build.0 = DLL_Debug|x64
		{25FDFDE8-75A1-4153-ACC1-E3ECE3174F4E}.DLL_Release|Win32.ActiveCfg = DLL_Release|Win32
		{25FDFDE8-75A1-4153-ACC1-E3ECE3174F4E}.DLL_Release|Win32.Build.0 = DLL_Release|Win32
		{25FDFDE8-75A1-4153-ACC1-E3ECE3174F4E}.DLL_Release|x64.ActiveCfg = DLL_Release|x64
		{25FDFDE8-75A1-4153-ACC1-E3ECE3174F4E}.DLL_Release|x64.Build.0 = DLL_Release|x64
		{25FDFDE8-75A1-4153-ACC1-E3ECE3174F4E}.EXE_Debug|Win32.ActiveCfg = EXE_Debug|Win32
		{25FDFDE8-75A1-4153-ACC1-E3ECE3174F4E}.EXE_Debug|Win32.Build.0 = EXE_Debug|Win32
		{25FDFDE8-75A1-4153-ACC1-E3ECE3174F4E}.EXE_Debug|x64.ActiveCfg = EXE_Debug|x64
		{25FDFDE8-75A1-4153-ACC1-E3ECE3174F4E}.EXE_Debug|x64.Build.0 = EXE_Debug|x64
		{25FDFDE8-75A1-4153-ACC1-E3ECE3174F4E}.EXE_Release|Win32.ActiveCfg = EXE_Release|Win32
		{25FDFDE8-75A1-4153-ACC1-E3ECE3174F4E}.EXE_Release|Win32.Build.0 = EXE_Release|Win32
		{25FDFDE8-75A1-4153-ACC1-E3ECE3174F4E}.EXE_Release|x64.ActiveCfg = EXE_Release|x64
		{25FDFDE8-75A1-4153-ACC1-E3ECE3174F4E}.EXE_Release|x64.Build.0 = EXE_Release|x64
		{25FDFDE8-75A1-4153-ACC1-E3ECE3174F4E}.Static_Debug|Win32.ActiveCfg = Static_Debug|Win32
		{25FDFDE8-75A1-4153-ACC1-E3ECE3174F4E}.Static_Debug|Win32.Build.0 = Static_Debug|Win32
		{25FDFDE8-75A1-4153-ACC1-E3ECE3174F4E}.Static_Debug|x64.ActiveCfg = Static_Debug|x64
		{25FDFDE8-75A1-4153-ACC1-E3ECE3174F4E}.Static_Debug|x64.Build.0 = Static_Debug|x64
		{25FDFDE8-75A1-4153-ACC1-E3ECE3174F4E}.Static_Release|Win32.ActiveCfg = Static_Release|Win32
		{25FDFDE8-75A1-4153-ACC1-E3ECE3174F4E}.Static_Release|Win32.Build.0 = Static_Release|Win32
		{25FDFDE8-75A1-4153-ACC1-E3ECE3174F4E}.Static_Release|x64.ActiveCfg = Static_Release|x64
		{25FDFDE8-75A1-4153-ACC1-E3ECE3174F4E}.Static_Release|x64.Build.0 = Static_Release|x64
		{989258DB-73DD-4709-9C1F-4AA3E4075E97}.DLL_Debug|Win32.ActiveCfg = EXE_Debug|Win32
		{989258DB-73DD-4709-9C1F-4AA3E4075E97}.DLL_Debug|Win32.Build.0 = EXE_Debug|Win32
		{989258DB-73DD-4709-9C1F-4AA3E4075E97}.DLL_Debug|x64.ActiveCfg = EXE_Debug|x64
		{989258DB-73DD-4709-9C1F-4AA3E4075E97}.DLL_Debug|x64.Build.0 = EXE_Debug|x64
		{989258DB-73DD-4709-9C1F-4AA3E4075E97}.DLL_Release|Win32.ActiveCfg = EXE_Release|Win32
		{989258DB-73DD-4709-9C1F-4AA3E4075E97}.DLL_Release|Win32.Build.0 = EXE_Release|Win32
		{989258DB-73DD-4709-9C1F-4AA3E4075E97}.DLL_Release|x64.ActiveCfg = EXE_Release|x64
		{989258DB-73DD-4709-9C1F-4AA3E4075E97}.DLL_Release|x64.Build.0 = EXE_Release|x64
		{989258DB-73DD-4709-9C1F-4AA3E4075E97}.EXE_Debug|Win32.ActiveCfg = EXE_Debug|Win32
		{989258DB-73DD-4709-9C1F-4AA3E4075E97}.EXE_Debug|Win32.Build.0 = EXE_Debug|Win32
		{989258DB-73DD-4709-9C1F-4AA3E4075E97}.EXE_Debug|x64.ActiveCfg = EXE_Debug|x64
		{989258DB-73DD-4709-9C1F-4AA3E4075E97}.EXE_Debug|x64.Build.0 = EXE_Debug|x64
		{989258DB-73DD-4709-9C1F-4AA3E4075E97}.EXE_Release|Win32.ActiveCfg = EXE_Release|Win32
		{989258DB-73DD-4709-9C1F-4AA3E4075E97}.EXE_Release|Win32.Build.0 = EXE_Release|Win32
		{989258DB-73DD-4709-9C1F-4AA3E4075E97}.EXE_Release|x64.ActiveCfg = EXE_Release|x64
		{989258DB-73DD-4709-9C1F-4AA3E4075E97}.EXE_Release|x64.Build.0 = EXE_Release|x64
		{989258DB-73DD-4709-9C1F-4AA3E4075E97}.Static_Debug|Win32.ActiveCfg = EXE_Debug|Win32
		{989258DB-73DD-4709-9C1F-4AA3E4075E97}.Static_Debug|Win32.Build.0 = EXE_Debug|Win32
		{989258DB-73DD-4709-9C1F-4AA3E4075E97}.Static_Debug|x64.ActiveCfg = EXE_Debug|x64
		{989258DB-73DD-4709-9C1F-4AA3E4075E97}.Static_Debug|x64.Build.0 = EXE_Debug|x64
		{989258DB-73DD-4709-9C1F-4AA3E4075E97}.Static_Release|Win32.ActiveCfg = EXE_Release|Win32
		{989258DB-73DD-4709-9C1F-4AA3E4075E97}.Static_Release|Win32.Build.0 = EXE_Release|Win32
		{989258DB-73DD-4709-9C1F-4AA3E4075E97}.Static_Release|x64.ActiveCfg = EXE_Release|x64
		{989258DB-73DD-4709-9C1F-4AA3E4075E97}.Static_Release|x64.Build.0 = EXE_Release|x64
		{85357D53-FFA6-4B1B-B5AB-18EFAB696EBF}.DLL_Debug|Win32.ActiveCfg = EXE_Debug|Win32
		{85357D53-FFA6-4B1B-B5AB-18EFAB696EBF}.DLL_Debug|Win32.Build.0 = EXE_Debug|Win32
		{85357D53-FFA6-4B1B-B5AB-18EFAB696EBF}.DLL_Debug|x64.ActiveCfg = EXE_Debug|x64
		{85357D53-FFA6-4B1B-B5AB-18EFAB696EBF}.DLL_Debug|x64.Build.0 = EXE_Debug|x64
		{85357D53-FFA6-4B1B-B5AB-18EFAB696EBF}.DLL_Release|Win32.ActiveCfg = EXE_Release|Win32
		{85357D53-FFA6-4B1B-B5AB-18EFAB696EBF}.DLL_Release|Win32.Build.0 = EXE_Release|Win32
		{85357D53-FFA6-4B1B-B5AB-18EFAB696EBF}.DLL_Release|x64.ActiveCfg = EXE_Release|x64
		{85357D53-FFA6-4B1B-B5AB-18EFAB696EBF}.DLL_Release|x64.Build.0 = EXE_Release|x64
		{85357D53-FFA6-4B1B-B5AB-18EFAB696EBF}.EXE_Debug|Win32.ActiveCfg = EXE_Debug|Win32
		{85357D53-FFA6-4B1B-B5AB-18EFAB696EBF}.EXE_Debug|Win32.Build.0 = EXE_Debug|Win32
		{85357D53-FFA6-4B1B-B5AB-18EFAB696EBF}.EXE_Debug|x64.ActiveCfg = EXE_Debug|x64
		{85357D53-FFA6-4B1B-B5AB-18EFAB696EBF}.EXE_Debug|x64.Build.0 = EXE_Debug|x64
		{85357D53-FFA6-4B1B-B5AB-18EFAB696EBF}.EXE_Release|Win32.ActiveCfg = EXE_Release|Win32
		{85357D53-FFA6-4B1B-B5AB-18EFAB696EBF}.EXE_Release|Win32.Build.0 = EXE_Release|Win32
		{85357D53-FFA6-4B1B-B5AB-18EFAB696EBF}.EXE_Release|x64.ActiveCfg = EXE_Release|x64
		{85357D53-FFA6-4B1B-B5AB-18EFAB696EBF}.EXE_Release|x64.Build.0 = EXE_Release|x64
		{85357D53-FFA6-4B1B-B5AB-18EFAB696EBF}.Static_Debug|Win32.ActiveCfg = EXE_Debug|Win32
		{85357D53-FFA6-4B1B-B5AB-18EFAB696EBF}.Static_Debug|Win32.Build.0 = EXE_Debug|Win32
		{85357D53-FFA6-4B1B-B5AB-18EFAB696EBF}.Static_Debug|x64.ActiveCfg = EXE_Debug|x64
		{85357D53-FFA6-4B1B-B5AB-18EFAB696EBF}.Static_Debug|x64.Build.0 = EXE_Debug|x64
		{85357D53-FFA6-4B1B-B5AB-18EFAB696EBF}.Static_Release|Win32.ActiveCfg = EXE_Release|Win32
		{85357D53-FFA6-4B1B-B5AB-18EFAB696EBF}.Static_Release|Win32.Build.0 = EXE_Release|Win32
		{85357D53-FFA6-4B1B-B5AB-18EFAB696EBF}.Static_Release|x64.ActiveCfg = EXE_Release|x64
		{85357D53-FFA6-4B1B-B5AB-18EFAB696EBF}.Static_Release|x64.Build.0 = EXE_Release|x64
		{51E0F9CD-F494-4A94-861C-C3A8472B9429}.DLL_Debug|Win32.ActiveCfg = DLL_Debug|Win32
		{51E0F9CD-F494-4A94-861C-C3A8472B9429}.DLL_Debug|Win32.Build.0 = DLL_Debug|Win32
		{51E0F9CD-F494-4A94-861C-C3A8472B9429}.DLL_Debug|x64.ActiveCfg = DLL_Debug|x64
		{51E0F9CD-F494-4A94-861C-C3A8472B9429}.DLL_Debug|x64.Build.0 = DLL_Debug|x64
		{51E0F9CD-F494-4A94-861C-C3A8472B9429}.DLL_Release|Win32.ActiveCfg = DLL_Release|Win32
		{51E0F9CD-F494-4A94-861C-C3A8472B9429}.DLL_Release|Win32.Build.0 = DLL_Release|Win32
		{51E0F9CD-F494-4A94-861C-C3A8472B9429}.DLL_Release|x64.ActiveCfg = DLL_Release|x64
		{51E0F9CD-F494-4A94-861C-C3A8472B9429}.DLL_Release|x64.Build.0 = DLL_Release|x64
		{51E0F9CD-F494-4A94-861C-C3A8472B9429}.EXE_Debug|Win32.ActiveCfg = EXE_Debug|Win32
		{51E0F9CD-F494-4A94-861C-C3A8472B9429}.EXE_Debug|Win32.Build.0 = EXE_Debug|Win32
		{51E0F9CD-F494-4A94-861C-C3A8472B9429}.EXE_Debug|x64.ActiveCfg = EXE_Debug|x64
		{51E0F9CD-F494-4A94-861C-C3A8472B9429}.EXE_Debug|x64.Build.0 = EXE_Debug|x64
		{51E0F9CD-F494-4A94-861C-C3A8472B9429}.EXE_Release|Win32.ActiveCfg = EXE_Release|Win32
		{51E0F9CD-F494-4A94-861C-C3A8472B9429}.EXE_Release|Win32.Build.0 = EXE_Release|Win32
		{51E0F9CD-F494-4A94-861C-C3A8472B9429}.EXE_Release|x64.ActiveCfg = EXE_Release|x64
		{51E0F9CD-F494-4A94-861C-C3A8472B9429}.EXE_Release|x64.Build.0 = EXE_Release|x64
		{51E0F9CD-F494-4A94-861C-C3A8472B9429}.Static_Debug|Win32.ActiveCfg = STATIC_Debug|Win32
		{51E0F9CD-F494-4A94-861C-C3A8472B9429}.Static_Debug|Win32.Build.0 = STATIC_Debug|Win32
		{51E0F9CD-F494-4A94-861C-C3A8472B9429}.Static_Debug|x64.ActiveCfg = STATIC_Debug|x64
		{51E0F9CD-F494-4A94-861C-C3A8472B9429}.Static_Debug|x64.Build.0 = STATIC_Debug|x64
		{51E0F9CD-F494-4A94-861C-C3A8472B9429}.Static_Release|Win32.ActiveCfg = STATIC_Release|Win32
		{51E0F9CD-F494-4A94-861C-C3A8472B9429}.Static_Release|Win32.Build.0 = STATIC_Release|Win32
		{51E0F9CD-F494-4A94-861C-C3A8472B9429}.Static_Release|x64.ActiveCfg = STATIC_Release|x64
		{51E0F9CD-F494-4A94-861C-C3A8472B9429}.Static_Release|x64.Build.0 = STATIC_Release|x64
		{C362BD8F-8CA5-48F2-8E7A-1BB91B062953}.DLL_Debug|Win32.ActiveCfg = DLL_Debug|Win32
		{C362BD8F-8CA5-48F2-8E7A-1BB91B062953}.DLL_Debug|Win32.Build.0 = DLL_Debug|Win32
		{C362BD8F-8CA5-48F2-8E7A-1BB91B062953}.DLL_Debug|x64.ActiveCfg = DLL_Debug|x64
		{C362BD8F-8CA5-48F2-8E7A-1BB91B062953}.DLL_Debug|x64.Build.0 = DLL_Debug|x64
		{C362BD8F-8CA5-48F2-8E7A-1BB91B062953}.DLL_Release|Win32.ActiveCfg = DLL_Release|Win32
		{C362BD8F-8CA5-48F2-8E7A-1BB91B062953}.DLL_Release|Win32.Build.0 = DLL_Release|Win32
		{C362BD8F-8CA5-48F2-8E7A-1BB91B062953}.DLL_Release|x64.ActiveCfg = DLL_Release|x64
		{C362BD8F-8CA5-48F2-8E7A-1BB91B062953}.DLL_Release|x64.Build.0 = DLL_Release|x64
		{C362BD8F-8CA5-48F2-8E7A-1BB91B062953}.EXE_Debug|Win32.ActiveCfg = EXE_Debug|Win32
		{C362BD8F-8CA5-48F2-8E7A-1BB91B062953}.EXE_Debug|Win32.Build.0 = EXE_Debug|Win32
		{C362BD8F-8CA5-48F2-8E7A-1BB91B062953}.EXE_Debug|x64.ActiveCfg = EXE_Debug|x64
		{C362BD8F-8CA5-48F2-8E7A-1BB91B062953}.EXE_Debug|x64.Build.0 = EXE_Debug|x64
		{C362BD8F-8CA5-48F2-8E7A-1BB91B062953}.EXE_Release|Win32.ActiveCfg = EXE_Release|Win32
		{C362BD8F-8CA5-48F2-8E7A-1BB91B062953}.EXE_Release|Win32.Build.0 = EXE_Release|Win32
		{C362BD8F-8CA5-48F2-8E7A-1BB91B062953}.EXE_Release|x64.ActiveCfg = EXE_Release|x64
		{C362BD8F-8CA5-48F2-8E7A-1BB91B062953}.EXE_Release|x64.Build.0 = EXE_Release|x64
		{C362BD8F-8CA5-48F2-8E7A-1BB91B062953}.Static_Debug|Win32.ActiveCfg = STATIC_Debug|Win32
		{C362BD8F-8CA5-48F2-8E7A-1BB91B062953}.Static_Debug|Win32.Build.0 = STATIC_Debug|Win32
		{C362BD8F-8CA5-48F2-8E7A-1BB91B062953}.Static_Debug|x64.ActiveCfg = STATIC_Debug|x64
		{C362BD8F-8CA5-48F2-8E7A-1BB91B062953}.Static_Debug|x64.Build.0 = STATIC_Debug|x64
		{C362BD8F-8CA5-48F2-8E7A-1BB91B062953}.Static_Release|Win32.ActiveCfg = STATIC_Release|Win32
		{C362BD8F-8CA5-48F2-8E7A-1BB91B062953}.Static_Release|Win32.Build.0 = STATIC_Release|Win32
		{C362BD8F-8CA5-48F2-8E7A-1BB91B062953}.Static_Release|x64.ActiveCfg = STATIC_Release|x64
		{C362BD8F-8CA5-48F2-8E7A-1BB91B062953}.Static_Release|x64.Build.0 = STATIC_Release|x64
		{B2AE5987-B896-4D60-BD6A-9831A219AFC2}.DLL_Debug|Win32.ActiveCfg = EXE_Debug|Win32
		{B2AE5987-B896-4D60-BD6A-9831A219AFC2}.DLL_Debug|Win32.Build.0 = EXE_Debug|Win32
		{B2AE5987-B896-4D60-BD6A-9831A219AFC2}.DLL_Debug|x64.ActiveCfg = EXE_Debug|x64
		{B2AE5987-B896-4D60-BD6A-9831A219AFC2}.DLL_Debug|x64.Build.0 = EXE_Debug|x64
		{B2AE5987-B896-4D60-BD6A-9831A219AFC2}.DLL_Release|Win32.ActiveCfg = EXE_Release|Win32
		{B2AE5987-B896-4D60-BD6A-9831A219AFC2}.DLL_Release|Win32.Build.0 = EXE_Release|Win32
		{B2AE5987-B896-4D60-BD6A-9831A219AFC2}.DLL_Release|x64.ActiveCfg = EXE_Release|x64
		{B2AE5987-B896-4D60-BD6A-9831A219AFC2}.DLL_Release|x64.Build.0 = EXE_Release|x64
		{B2AE5987-B896-4D60-BD6A-9831A219AFC2}.EXE_Debug|Win32.ActiveCfg = EXE_Debug|Win32
		{B2AE5987-B896-4D60-BD6A-9831A219AFC2}.EXE_Debug|Win32.Build.0 = EXE_Debug|Win32
		{B2AE5987-B896-4D60-BD6A-9831A219AFC2}.EXE_Debug|x64.ActiveCfg = EXE_Debug|x64
		{B2AE5987-B896-4D60-BD6A-9831A219AFC2}.EXE_Debug|x64.Build.0 = EXE_Debug|x64
		{B2AE5987-B896-4D60-BD6A-9831A219AFC2}.EXE_Release|Win32.ActiveCfg = EXE_Release|Win32
		{B2AE5987-B896-4D60-BD6A-9831A219AFC2}.EXE_Release|Win32.Build.0 = EXE_Release|Win32
		{B2AE5987-B896-4D60-BD6A-9831A219AFC2}.EXE_Release|x64.ActiveCfg = EXE_Release|x64
		{B2AE5987-B896-4D60-BD6A-9831A219AFC2}.EXE_Release|x64.Build.0 = EXE_Release|x64
		{B2AE5987-B896-4D60-BD6A-9831A219AFC2}.Static_Debug|Win32.ActiveCfg = EXE_Debug|Win32
		{B2AE5987-B896-4D60-BD6A-9831A219AFC2}.Static_Debug|Win32.Build.0 = EXE_Debug|Win32
		{B2AE5987-B896-4D60-BD6A-9831A219AFC2}.Static_Debug|x64.ActiveCfg = EXE_Debug|x64
		{B2AE5987-B896-4D60-BD6A-9831A219AFC2}.Static_Debug|x64.Build.0 = EXE_Debug|x64
		{B2AE5987-B896-4D60-BD6A-9831A219AFC2}.Static_Release|Win32.ActiveCfg = EXE_Release|Win32
		{B2AE5987-B896-4D60-BD6A-9831A219AFC2}.Static_Release|Win32.Build.0 = EXE_Release|Win32
		{B2AE5987-B896-4D60-BD6A-9831A219AFC2}.Static_Release|x64.ActiveCfg = EXE_Release|x64
		{B2AE5987-B896-4D60-BD6A-9831A219AFC2}.Static_Release|x64.Build.0 = EXE_Release|x64
		{5B2A79CB-7986-4411-BFDE-6DB86ADED295}.DLL_Debug|Win32.ActiveCfg = DLL_Debug|Win32
		{5B2A79CB-7986-4411-BFDE-6DB86ADED295}.DLL_Debug|Win32.Build.0 = DLL_Debug|Win32
		{5B2A79CB-7986-4411-BFDE-6DB86ADED295}.DLL_Debug|x64.ActiveCfg = DLL_Debug|x64
		{5B2A79CB-7986-4411-BFDE-6DB86ADED295}.DLL_Debug|x64.Build.0 = DLL_Debug|x64
		{5B2A79CB-7986-4411-BFDE-6DB86ADED295}.DLL_Release|Win32.ActiveCfg = DLL_Release|Win32
		{5B2A79CB-7986-4411-BFDE-6DB86ADED295}.DLL_Release|Win32.Build.0 = DLL_Release|Win32
		{5B2A79CB-7986-4411-BFDE-6DB86ADED295}.DLL_Release|x64.ActiveCfg = DLL_Release|x64
		{5B2A79CB-7986-4411-BFDE-6DB86ADED295}.DLL_Release|x64.Build.0 = DLL_Release|x64
		{5B2A79CB-7986-4411-BFDE-6DB86ADED295}.EXE_Debug|Win32.ActiveCfg = EXE_Debug|Win32
		{5B2A79CB-7986-4411-BFDE-6DB86ADED295}.EXE_Debug|Win32.Build.0 = EXE_Debug|Win32
		{5B2A79CB-7986-4411-BFDE-6DB86ADED295}.EXE_Debug|x64.ActiveCfg = EXE_Debug|x64
		{5B2A79CB-7986-4411-BFDE-6DB86ADED295}.EXE_Debug|x64.Build.0 = EXE_Debug|x64
		{5B2A79CB-7986-4411-BFDE-6DB86ADED295}.EXE_Release|Win32.ActiveCfg = EXE_Release|Win32
		{5B2A79CB-7986-4411-BFDE-6DB86ADED295}.EXE_Release|Win32.Build.0 = EXE_Release|Win32
		{5B2A79CB-7986-4411-BFDE-6DB86ADED295}.EXE_Release|x64.ActiveCfg = EXE_Release|x64
		{5B2A79CB-7986-4411-BFDE-6DB86ADED295}.EXE_Release|x64.Build.0 = EXE_Release|x64
		{5B2A79CB-7986-4411-BFDE-6DB86ADED295}.Static_Debug|Win32.ActiveCfg = STATIC_Debug|Win32
		{5B2A79CB-7986-4411-BFDE-6DB86ADED295}.Static_Debug|Win32.Build.0 = STATIC_Debug|Win32
		{5B2A79CB-7986-4411-BFDE-6DB86ADED295}.Static_Debug|x64.ActiveCfg = STATIC_Debug|x64
		{5B2A79CB-7986-4411-BFDE-6DB86ADED295}.Static_Debug|x64.Build.0 = STATIC_Debug|x64
		{5B2A79CB-7986-4411-BFDE-6DB86ADED295}.Static_Release|Win32.ActiveCfg = STATIC_Release|Win32
		{5B2A79CB-7986-4411-BFDE-6DB86ADED295}.Static_Release|Win32.Build.0 = STATIC_Release|Win32
		{5B2A79CB-7986-4411-BFDE-6DB86ADED295}.Static_Release|x64.ActiveCfg = STATIC_Release|x64
		{5B2A79CB-7986-4411-BFDE-6DB86ADED295}.Static_Release|x64.Build.0 = STATIC_Release|x64
		{86AD4A86-5C0B-4A11-991E-CDBBDB5AF3E8}.DLL_Debug|Win32.ActiveCfg = DLL_Debug|Win32
		{86AD4A86-5C0B-4A11-991E-CDBBDB5AF3E8}.DLL_Debug|Win32.Build.0 = DLL_Debug|Win32
		{86AD4A86-5C0B-4A11-991E-CDBBDB5AF3E8}.DLL_Debug|x64.ActiveCfg = DLL_Debug|x64
		{86AD4A86-5C0B-4A11-991E-CDBBDB5AF3E8}.DLL_Debug|x64.Build.0 = DLL_Debug|x64
		{86AD4A86-5C0B-4A11-991E-CDBBDB5AF3E8}.DLL_Release|Win32.ActiveCfg = DLL_Release|Win32
		{86AD4A86-5C0B-4A11-991E-CDBBDB5AF3E8}.DLL_Release|Win32.Build.0 = DLL_Release|Win32
		{86AD4A86-5C0B-4A11-991E-CDBBDB5AF3E8}.DLL_Release|x64.ActiveCfg = DLL_Release|x64
		{86AD4A86-5C0B-4A11-991E-CDBBDB5AF3E8}.DLL_Release|x64.Build.0 = DLL_Release|x64
		{86AD4A86-5C0B-4A11-991E-CDBBDB5AF3E8}.EXE_Debug|Win32.ActiveCfg = EXE_Debug|Win32
		{86AD4A86-5C0B-4A11-991E-CDBBDB5AF3E8}.EXE_Debug|Win32.Build.0 = EXE_Debug|Win32
		{86AD4A86-5C0B-4A11-991E-CDBBDB5AF3E8}.EXE_Debug|x64.ActiveCfg = EXE_Debug|x64
		{86AD4A86-5C0B-4A11-991E-CDBBDB5AF3E8}.EXE_Debug|x64.Build.0 = EXE_Debug|x64
		{86AD4A86-5C0B-4A11-991E-CDBBDB5AF3E8}.EXE_Release|Win32.ActiveCfg = EXE_Release|Win32
		{86AD4A86-5C0B-4A11-991E-CDBBDB5AF3E8}.EXE_Release|Win32.Build.0 = EXE_Release|Win32
		{86AD4A86-5C0B-4A11-991E-CDBBDB5AF3E8}.EXE_Release|x64.ActiveCfg = EXE_Release|x64
		{86AD4A86-5C0B-4A11-991E-CDBBDB5AF3E8}.EXE_Release|x64.Build.0 = EXE_Release|x64
		{86AD4A86-5C0B-4A11-991E-CDBBDB5AF3E8}.Static_Debug|Win32.ActiveCfg = STATIC_Debug|Win32
		{86AD4A86-5C0B-4A11-991E-CDBBDB5AF3E8}.Static_Debug|Win32.Build.0 = STATIC_Debug|Win32
		{86AD4A86-5C0B-4A11-991E-CDBBDB5AF3E8}.Static_Debug|x64.ActiveCfg = STATIC_Debug|x64
		{86AD4A86-5C0B-4A11-991E-CDBBDB5AF3E8}.Static_Debug|x64.Build.0 = STATIC_Debug|x64
		{86AD4A86-5C0B-4A11-991E-CDBBDB5AF3E8}.Static_Release|Win32.ActiveCfg = STATIC_Release|Win32
		{86AD4A86-5C0B-4A11-991E-CDBBDB5AF3E8}.Static_Release|Win32.Build.0 = STATIC_Release|Win32
		{86AD4A86-5C0B-4A11-991E-CDBBDB5AF3E8}.Static_Release|x64.ActiveCfg = STATIC_Release|x64
		{86AD4A86-5C0B-4A11-991E-CDBBDB5AF3E8}.Static_Release|x64.Build.0 = STATIC_Release|x64
		{3EB20951-73C0-4FC5-B436-A8D1A57A1E1C}.DLL_Debug|Win32.ActiveCfg = DLL_Debug|Win32
		{3EB20951-73C0-4FC5-B436-A8D1A57A1E1C}.DLL_Debug|Win32.Build.0 = DLL_Debug|Win32
		{3EB20951-73C0-4FC5-B436-A8D1A57A1E1C}.DLL_Debug|x64.ActiveCfg = DLL_Debug|x64
		{3EB20951-73C0-4FC5-B436-A8D1A57A1E1C}.DLL_Debug|x64.Build.0 = DLL_Debug|x64
		{3EB20951-73C0-4FC5-B436-A8D1A57A1E1C}.DLL_Release|Win32.ActiveCfg = DLL_Release|Win32
		{3EB20951-73C0-4FC5-B436-A8D1A57A1E1C}.DLL_Release|Win32.Build.0 = DLL_Release|Win32
		{3EB20951-73C0-4FC5-B436-A8D1A57A1E1C}.DLL_Release|x64.ActiveCfg = DLL_Release|x64
		{3EB20951-73C0-4FC5-B436-A8D1A57A1E1C}.DLL_Release|x64.Build.0 = DLL_Release|x64
		{3EB20951-73C0-4FC5-B436-A8D1A57A1E1C}.EXE_Debug|Win32.ActiveCfg = EXE_Debug|Win32
		{3EB20951-73C0-4FC5-B436-A8D1A57A1E1C}.EXE_Debug|Win32.Build.0 = EXE_Debug|Win32
		{3EB20951-73C0-4FC5-B436-A8D1A57A1E1C}.EXE_Debug|x64.ActiveCfg = EXE_Debug|x64
		{3EB20951-73C0-4FC5-B436-A8D1A57A1E1C}.EXE_Debug|x64.Build.0 = EXE_Debug|x64
		{3EB20951-73C0-4FC5-B436-A8D1A57A1E1C}.EXE_Release|Win32.ActiveCfg = EXE_Release|Win32
		{3EB20951-73C0-4FC5-B436-A8D1A57A1E1C}.EXE_Release|Win32.Build.0 = EXE_Release|Win32
		{3EB20951-73C0-4FC5-B436-A8D1A57A1E1C}.EXE_Release|x64.ActiveCfg = EXE_Release|x64
		{3EB20951-73C0-4FC5-B436-A8D1A57A1E1C}.EXE_Release|x64.Build.0 = EXE_Release|x64
		{3EB20951-73C0-4FC5-B436-A8D1A57A1E1C}.Static_Debug|Win32.ActiveCfg = DLL_Release|Win32
		{3EB20951-73C0-4FC5-B436-A8D1A57A1E1C}.Static_Debug|Win32.Build.0 = DLL_Release|Win32
		{3EB20951-73C0-4FC5-B436-A8D1A57A1E1C}.Static_Debug|x64.ActiveCfg = DLL_Release|x64
		{3EB20951-73C0-4FC5-B436-A8D1A57A1E1C}.Static_Debug|x64.Build.0 = DLL_Release|x64
		{3EB20951-73C0-4FC5-B436-A8D1A57A1E1C}.Static_Release|Win32.ActiveCfg = DLL_Release|Win32
		{3EB20951-73C0-4FC5-B436-A8D1A57A1E1C}.Static_Release|Win32.Build.0 = DLL_Release|Win32
		{3EB20951-73C0-4FC5-B436-A8D1A57A1E1C}.Static_Release|x64.ActiveCfg = DLL_Release|x64
		{3EB20951-73C0-4FC5-B436-A8D1A57A1E1C}.Static_Release|x64.Build.0 = DLL_Release|x64
		{8364DCE4-092D-429B-9F70-105D60F3D8A7}.DLL_Debug|Win32.ActiveCfg = EXE_Debug|Win32
		{8364DCE4-092D-429B-9F70-105D60F3D8A7}.DLL_Debug|Win32.Build.0 = EXE_Debug|Win32
		{8364DCE4-092D-429B-9F70-105D60F3D8A7}.DLL_Debug|x64.ActiveCfg = EXE_Debug|x64
		{8364DCE4-092D-429B-9F70-105D60F3D8A7}.DLL_Debug|x64.Build.0 = EXE_Debug|x64
		{8364DCE4-092D-429B-9F70-105D60F3D8A7}.DLL_Release|Win32.ActiveCfg = EXE_Release|Win32
		{8364DCE4-092D-429B-9F70-105D60F3D8A7}.DLL_Release|Win32.Build.0 = EXE_Release|Win32
		{8364DCE4-092D-429B-9F70-105D60F3D8A7}.DLL_Release|x64.ActiveCfg = EXE_Release|x64
		{8364DCE4-092D-429B-9F70-105D60F3D8A7}.DLL_Release|x64.Build.0 = EXE_Release|x64
		{8364DCE4-092D-429B-9F70-105D60F3D8A7}.EXE_Debug|Win32.ActiveCfg = EXE_Debug|Win32
		{8364DCE4-092D-429B-9F70-105D60F3D8A7}.EXE_Debug|Win32.Build.0 = EXE_Debug|Win32
		{8364DCE4-092D-429B-9F70-105D60F3D8A7}.EXE_Debug|x64.ActiveCfg = EXE_Debug|x64
		{8364DCE4-092D-429B-9F70-105D60F3D8A7}.EXE_Debug|x64.Build.0 = EXE_Debug|x64
		{8364DCE4-092D-429B-9F70-105D60F3D8A7}.EXE_Release|Win32.ActiveCfg = EXE_Release|Win32
		{8364DCE4-092D-429B-9F70-105D60F3D8A7}.EXE_Release|Win32.Build.0 = EXE_Release|Win32
		{8364DCE4-092D-429B-9F70-105D60F3D8A7}.EXE_Release|x64.ActiveCfg = EXE_Release|x64
		{8364DCE4-092D-429B-9F70-105D60F3D8A7}.EXE_Release|x64.Build.0 = EXE_Release|x64
		{8364DCE4-092D-429B-9F70-105D60F3D8A7}.Static_Debug|Win32.ActiveCfg = EXE_Debug|Win32
		{8364DCE4-092D-429B-9F70-105D60F3D8A7}.Static_Debug|Win32.Build.0 = EXE_Debug|Win32
		{8364DCE4-092D-429B-9F70-105D60F3D8A7}.Static_Debug|x64.ActiveCfg = EXE_Debug|x64
		{8364DCE4-092D-429B-9F70-105D60F3D8A7}.Static_Debug|x64.Build.0 = EXE_Debug|x64
		{8364DCE4-092D-429B-9F70-105D60F3D8A7}.Static_Release|Win32.ActiveCfg = EXE_Release|Win32
		{8364DCE4-092D-429B-9F70-105D60F3D8A7}.Static_Release|Win32.Build.0 = EXE_Release|Win32
		{8364DCE4-092D-429B-9F70-105D60F3D8A7}.Static_Release|x64.ActiveCfg = EXE_Release|x64
		{8364DCE4-092D-429B-9F70-105D60F3D8A7}.Static_Release|x64.Build.0 = EXE_Release|x64
		{23B77323-048B-409D-9377-D341DC0D7D96}.DLL_Debug|Win32.ActiveCfg = EXE_Debug|Win32
		{23B77323-048B-409D-9377-D341DC0D7D96}.DLL_Debug|Win32.Build.0 = EXE_Debug|Win32
		{23B77323-048B-409D-9377-D341DC0D7D96}.DLL_Debug|x64.ActiveCfg = EXE_Debug|x64
		{23B77323-048B-409D-9377-D341DC0D7D96}.DLL_Debug|x64.Build.0 = EXE_Debug|x64
		{23B77323-048B-409D-9377-D341DC0D7D96}.DLL_Release|Win32.ActiveCfg = EXE_Release|Win32
		{23B77323-048B-409D-9377-D341DC0D7D96}.DLL_Release|Win32.Build.0 = EXE_Release|Win32
		{23B77323-048B-409D-9377-D341DC0D7D96}.DLL_Release|x64.ActiveCfg = EXE_Release|x64
		{23B77323-048B-409D-9377-D341DC0D7D96}.DLL_Release|x64.Build.0 = EXE_Release|x64
		{23B77323-048B-409D-9377-D341DC0D7D96}.EXE_Debug|Win32.ActiveCfg = EXE_Debug|Win32
		{23B77323-048B-409D-9377-D341DC0D7D96}.EXE_Debug|Win32.Build.0 = EXE_Debug|Win32
		{23B77323-048B-409D-9377-D341DC0D7D96}.EXE_Debug|x64.ActiveCfg = EXE_Debug|x64
		{23B77323-048B-409D-9377-D341DC0D7D96}.EXE_Debug|x64.Build.0 = EXE_Debug|x64
		{23B77323-048B-409D-9377-D341DC0D7D96}.EXE_Release|Win32.ActiveCfg = EXE_Release|Win32
		{23B77323-048B-409D-9377-D341DC0D7D96}.EXE_Release|Win32.Build.0 = EXE_Release|Win32
		{23B77323-048B-409D-9377-D341DC0D7D96}.EXE_Release|x64.ActiveCfg = EXE_Release|x64
		{23B77323-048B-409D-9377-D341DC0D7D96}.EXE_Release|x64.Build.0 = EXE_Release|x64
		{23B77323-048B-409D-9377-D341DC0D7D96}.Static_Debug|Win32.ActiveCfg = EXE_Debug|Win32
		{23B77323-048B-409D-9377-D341DC0D7D96}.Static_Debug|Win32.Build.0 = EXE_Debug|Win32
		{23B77323-048B-409D-9377-D341DC0D7D96}.Static_Debug|x64.ActiveCfg = EXE_Debug|x64
		{23B77323-048B-409D-9377-D341DC0D7D96}.Static_Debug|x64.Build.0 = EXE_Debug|x64
		{23B77323-048B-409D-9377-D341DC0D7D96}.Static_Release|Win32.ActiveCfg = EXE_Release|Win32
		{23B77323-048B-409D-9377-D341DC0D7D96}.Static_Release|Win32.Build.0 = EXE_Release|Win32
		{23B77323-048B-409D-9377-D341DC0D7D96}.Static_Release|x64.ActiveCfg = EXE_Release|x64
		{23B77323-048B-409D-9377-D341DC0D7D96}.Static_Release|x64.Build.0 = EXE_Release|x64
		{6FB2F2DB-D375-48A6-90D4-F4309D42EE88}.DLL_Debug|Win32.ActiveCfg = EXE_Debug|Win32
		{6FB2F2DB-D375-48A6-90D4-F4309D42EE88}.DLL_Debug|Win32.Build.0 = EXE_Debug|Win32
		{6FB2F2DB-D375-48A6-90D4-F4309D42EE88}.DLL_Debug|x64.ActiveCfg = EXE_Debug|x64
		{6FB2F2DB-D375-48A6-90D4-F4309D42EE88}.DLL_Debug|x64.Build.0 = EXE_Debug|x64
		{6FB2F2DB-D375-48A6-90D4-F4309D42EE88}.DLL_Release|Win32.ActiveCfg = EXE_Release|Win32
		{6FB2F2DB-D375-48A6-90D4-F4309D42EE88}.DLL_Release|Win32.Build.0 = EXE_Release|Win32
		{6FB2F2DB-D375-48A6-90D4-F4309D42EE88}.DLL_Release|x64.ActiveCfg = EXE_Release|x64
		{6FB2F2DB-D375-48A6-90D4-F4309D42EE88}.DLL_Release|x64.Build.0 = EXE_Release|x64
		{6FB2F2DB-D375-48A6-90D4-F4309D42EE88}.EXE_Debug|Win32.ActiveCfg = EXE_Debug|Win32
		{6FB2F2DB-D375-48A6-90D4-F4309D42EE88}.EXE_Debug|Win32.Build.0 = EXE_Debug|Win32
		{6FB2F2DB-D375-48A6-90D4-F4309D42EE88}.EXE_Debug|x64.ActiveCfg = EXE_Debug|x64
		{6FB2F2DB-D375-48A6-90D4-F4309D42EE88}.EXE_Debug|x64.Build.0 = EXE_Debug|x64
		{6FB2F2DB-D375-48A6-90D4-F4309D42EE88}.EXE_Release|Win32.ActiveCfg = EXE_Release|Win32
		{6FB2F2DB-D375-48A6-90D4-F4309D42EE88}.EXE_Release|Win32.Build.0 = EXE_Release|Win32
		{6FB2F2DB-D375-48A6-90D4-F4309D42EE88}.EXE_Release|x64.ActiveCfg = EXE_Release|x64
		{6FB2F2DB-D375-48A6-90D4-F4309D42EE88}.EXE_Release|x64.Build.0 = EXE_Release|x64
		{6FB2F2DB-D375-48A6-90D4-F4309D42EE88}.Static_Debug|Win32.ActiveCfg = EXE_Debug|Win32
		{6FB2F2DB-D375-48A6-90D4-F4309D42EE88}.Static_Debug|Win32.Build.0 = EXE_Debug|Win32
		{6FB2F2DB-D375-48A6-90D4-F4309D42EE88}.Static_Debug|x64.ActiveCfg = EXE_Debug|x64
		{6FB2F2DB-D375-48A6-90D4-F4309D42EE88}.Static_Debug|x64.Build.0 = EXE_Debug|x64
		{6FB2F2DB-D375-48A6-90D4-F4309D42EE88}.Static_Release|Win32.ActiveCfg = EXE_Release|Win32
		{6FB2F2DB-D375-48A6-90D4-F4309D42EE88}.Static_Release|Win32.Build.0 = EXE_Release|Win32
		{6FB2F2DB-D375-48A6-90D4-F4309D42EE88}.Static_Release|x64.ActiveCfg = EXE_Release|x64
		{6FB2F2DB-D375-48A6-90D4-F4309D42EE88}.Static_Release|x64.Build.0 = EXE_Release|x64
		{10D537A2-692C-41F3-9BD4-4DB64D4F6AA6}.DLL_Debug|Win32.ActiveCfg = EXE_Debug|Win32
		{10D537A2-692C-41F3-9BD4-4DB64D4F6AA6}.DLL_Debug|Win32.Build.0 = EXE_Debug|Win32
		{10D537A2-692C-41F3-9BD4-4DB64D4F6AA6}.DLL_Debug|x64.ActiveCfg = EXE_Debug|x64
		{10D537A2-692C-41F3-9BD4-4DB64D4F6AA6}.DLL_Debug|x64.Build.0 = EXE_Debug|x64
		{10D537A2-692C-41F3-9BD4-4DB64D4F6AA6}.DLL_Release|Win32.ActiveCfg = EXE_Release|Win32
		{10D537A2-692C-41F3-9BD4-4DB64D4F6AA6}.DLL_Release|Win32.Build.0 = EXE_Release|Win32
		{10D537A2-692C-41F3-9BD4-4DB64D4F6AA6}.DLL_Release|x64.ActiveCfg = EXE_Release|x64
		{10D537A2-692C-41F3-9BD4-4DB64D4F6AA6}.DLL_Release|x64.Build.0 = EXE_Release|x64
		{10D537A2-692C-41F3-9BD4-4DB64D4F6AA6}.EXE_Debug|Win32.ActiveCfg = EXE_Debug|Win32
		{10D537A2-692C-41F3-9BD4-4DB64D4F6AA6}.EXE_Debug|Win32.Build.0 = EXE_Debug|Win32
		{10D537A2-692C-41F3-9BD4-4DB64D4F6AA6}.EXE_Debug|x64.ActiveCfg = EXE_Debug|x64
		{10D537A2-692C-41F3-9BD4-4DB64D4F6AA6}.EXE_Debug|x64.Build.0 = EXE_Debug|x64
		{10D537A2-692C-41F3-9BD4-4DB64D4F6AA6}.EXE_Release|Win32.ActiveCfg = EXE_Release|Win32
		{10D537A2-692C-41F3-9BD4-4DB64D4F6AA6}.EXE_Release|Win32.Build.0 = EXE_Release|Win32
		{10D537A2-692C-41F3-9BD4-4DB64D4F6AA6}.EXE_Release|x64.ActiveCfg = EXE_Release|x64
		{10D537A2-692C-41F3-9BD4-4DB64D4F6AA6}.EXE_Release|x64.Build.0 = EXE_Release|x64
		{10D537A2-692C-41F3-9BD4-4DB64D4F6AA6}.Static_Debug|Win32.ActiveCfg = EXE_Debug|Win32
		{10D537A2-692C-41F3-9BD4-4DB64D4F6AA6}.Static_Debug|Win32.Build.0 = EXE_Debug|Win32
		{10D537A2-692C-41F3-9BD4-4DB64D4F6AA6}.Static_Debug|x64.ActiveCfg = EXE_Debug|x64
		{10D537A2-692C-41F3-9BD4-4DB64D4F6AA6}.Static_Debug|x64.Build.0 = EXE_Debug|x64
		{10D537A2-692C-41F3-9BD4-4DB64D4F6AA6}.Static_Release|Win32.ActiveCfg = EXE_Release|Win32
		{10D537A2-692C-41F3-9BD4-4DB64D4F6AA6}.Static_Release|Win32.Build.0 = EXE_Release|Win32
		{10D537A2-692C-41F3-9BD4-4DB64D4F6AA6}.Static_Release|x64.ActiveCfg = EXE_Release|x64
		{10D537A2-692C-41F3-9BD4-4DB64D4F6AA6}.Static_Release|x64.Build.0 = EXE_Release|x64
		{3EF3443E-7150-4963-BE7B-26F0B3BECF4B}.DLL_Debug|Win32.ActiveCfg = DLL_Debug|Win32
		{3EF3443E-7150-4963-BE7B-26F0B3BECF4B}.DLL_Debug|Win32.Build.0 = DLL_Debug|Win32
		{3EF3443E-7150-4963-BE7B-26F0B3BECF4B}.DLL_Debug|x64.ActiveCfg = DLL_Debug|x64
		{3EF3443E-7150-4963-BE7B-26F0B3BECF4B}.DLL_Debug|x64.Build.0 = DLL_Debug|x64
		{3EF3443E-7150-4963-BE7B-26F0B3BECF4B}.DLL_Release|Win32.ActiveCfg = DLL_Release|Win32
		{3EF3443E-7150-4963-BE7B-26F0B3BECF4B}.DLL_Release|Win32.Build.0 = DLL_Release|Win32
		{3EF3443E-7150-4963-BE7B-26F0B3BECF4B}.DLL_Release|x64.ActiveCfg = DLL_Release|x64
		{3EF3443E-7150-4963-BE7B-26F0B3BECF4B}.DLL_Release|x64.Build.0 = DLL_Release|x64
		{3EF3443E-7150-4963-BE7B-26F0B3BECF4B}.EXE_Debug|Win32.ActiveCfg = EXE_Debug|Win32
		{3EF3443E-7150-4963-BE7B-26F0B3BECF4B}.EXE_Debug|Win32.Build.0 = EXE_Debug|Win32
		{3EF3443E-7150-4963-BE7B-26F0B3BECF4B}.EXE_Debug|x64.ActiveCfg = EXE_Debug|x64
		{3EF3443E-7150-4963-BE7B-26F0B3BECF4B}.EXE_Debug|x64.Build.0 = EXE_Debug|x64
		{3EF3443E-7150-4963-BE7B-26F0B3BECF4B}.EXE_Release|Win32.ActiveCfg = EXE_Release|Win32
		{3EF3443E-7150-4963-BE7B-26F0B3BECF4B}.EXE_Release|Win32.Build.0 = EXE_Release|Win32
		{3EF3443E-7150-4963-BE7B-26F0B3BECF4B}.EXE_Release|x64.ActiveCfg = EXE_Release|x64
		{3EF3443E-7150-4963-BE7B-26F0B3BECF4B}.EXE_Release|x64.Build.0 = EXE_Release|x64
		{3EF3443E-7150-4963-BE7B-26F0B3BECF4B}.Static_Debug|Win32.ActiveCfg = DLL_Release|Win32
		{3EF3443E-7150-4963-BE7B-26F0B3BECF4B}.Static_Debug|Win32.Build.0 = DLL_Release|Win32
		{3EF3443E-7150-4963-BE7B-26F0B3BECF4B}.Static_Debug|x64.ActiveCfg = DLL_Release|x64
		{3EF3443E-7150-4963-BE7B-26F0B3BECF4B}.Static_Debug|x64.Build.0 = DLL_Release|x64
		{3EF3443E-7150-4963-BE7B-26F0B3BECF4B}.Static_Release|Win32.ActiveCfg = DLL_Release|Win32
		{3EF3443E-7150-4963-BE7B-26F0B3BECF4B}.Static_Release|Win32.Build.0 = DLL_Release|Win32
		{3EF3443E-7150-4963-BE7B-26F0B3BECF4B}.Static_Release|x64.ActiveCfg = DLL_Release|x64
		{3EF3443E-7150-4963-BE7B-26F0B3BECF4B}.Static_Release|x64.Build.0 = DLL_Release|x64
		{FF49CBAE-52B8-4C94-B764-1345A9D264C0}.DLL_Debug|Win32.ActiveCfg = DLL_Debug|Win32
		{FF49CBAE-52B8-4C94-B764-1345A9D264C0}.DLL_Debug|Win32.Build.0 = DLL_Debug|Win32
		{FF49CBAE-52B8-4C94-B764-1345A9D264C0}.DLL_Debug|x64.ActiveCfg = DLL_Debug|x64
		{FF49CBAE-52B8-4C94-B764-1345A9D264C0}.DLL_Debug|x64.Build.0 = DLL_Debug|x64
		{FF49CBAE-52B8-4C94-B764-1345A9D264C0}.DLL_Release|Win32.ActiveCfg = DLL_Release|Win32
		{FF49CBAE-52B8-4C94-B764-1345A9D264C0}.DLL_Release|Win32.Build.0 = DLL_Release|Win32
		{FF49CBAE-52B8-4C94-B764-1345A9D264C0}.DLL_Release|x64.ActiveCfg = DLL_Release|x64
		{FF49CBAE-52B8-4C94-B764-1345A9D264C0}.DLL_Release|x64.Build.0 = DLL_Release|x64
		{FF49CBAE-52B8-4C94-B764-1345A9D264C0}.EXE_Debug|Win32.ActiveCfg = EXE_Debug|Win32
		{FF49CBAE-52B8-4C94-B764-1345A9D264C0}.EXE_Debug|Win32.Build.0 = EXE_Debug|Win32
		{FF49CBAE-52B8-4C94-B764-1345A9D264C0}.EXE_Debug|x64.ActiveCfg = EXE_Debug|x64
		{FF49CBAE-52B8-4C94-B764-1345A9D264C0}.EXE_Debug|x64.Build.0 = EXE_Debug|x64
		{FF49CBAE-52B8-4C94-B764-1345A9D264C0}.EXE_Release|Win32.ActiveCfg = EXE_Release|Win32
		{FF49CBAE-52B8-4C94-B764-1345A9D264C0}.EXE_Release|Win32.Build.0 = EXE_Release|Win32
		{FF49CBAE-52B8-4C94-B764-1345A9D264C0}.EXE_Release|x64.ActiveCfg = EXE_Release|x64
		{FF49CBAE-52B8-4C94-B764-1345A9D264C0}.EXE_Release|x64.Build.0 = EXE_Release|x64
		{FF49CBAE-52B8-4C94-B764-1345A9D264C0}.Static_Debug|Win32.ActiveCfg = DLL_Release|Win32
		{FF49CBAE-52B8-4C94-B764-1345A9D264C0}.Static_Debug|Win32.Build.0 = DLL_Release|Win32
		{FF49CBAE-52B8-4C94-B764-1345A9D264C0}.Static_Debug|x64.ActiveCfg = DLL_Release|x64
		{FF49CBAE-52B8-4C94-B764-1345A9D264C0}.Static_Debug|x64.Build.0 = DLL_Release|x64
		{FF49CBAE-52B8-4C94-B764-1345A9D264C0}.Static_Release|Win32.ActiveCfg = DLL_Release|Win32
		{FF49CBAE-52B8-4C94-B764-1345A9D264C0}.Static_Release|Win32.Build.0 = DLL_Release|Win32
		{FF49CBAE-52B8-4C94-B764-1345A9D264C0}.Static_Release|x64.ActiveCfg = DLL_Release|x64
		{FF49CBAE-52B8-4C94-B764-1345A9D264C0}.Static_Release|x64.Build.0 = DLL_Release|x64
	EndGlobalSection
	GlobalSection(SolutionProperties) = preSolution
		HideSolutionNode = FALSE
	EndGlobalSection
	GlobalSection(NestedProjects) = preSolution
		{25FDFDE8-75A1-4153-ACC1-E3ECE3174F4E} = {E0DCCBB4-FE37-43CE-8B01-7930F76A3102}
		{174A8242-0F70-416D-A9F7-B2120B9DE381} = {D00BAF08-35AC-4D64-8489-8E859DFDF7C2}
		{EFEF16AE-8EEB-4F07-A5FB-0808667AD1B0} = {D00BAF08-35AC-4D64-8489-8E859DFDF7C2}
		{989258DB-73DD-4709-9C1F-4AA3E4075E97} = {174A8242-0F70-416D-A9F7-B2120B9DE381}
		{85357D53-FFA6-4B1B-B5AB-18EFAB696EBF} = {174A8242-0F70-416D-A9F7-B2120B9DE381}
		{51E0F9CD-F494-4A94-861C-C3A8472B9429} = {9F0467B8-D10F-4D05-A34D-683BFC15186B}
		{C362BD8F-8CA5-48F2-8E7A-1BB91B062953} = {D1272FD9-DDB8-413E-86D4-7417DE651718}
		{B2AE5987-B896-4D60-BD6A-9831A219AFC2} = {9F0467B8-D10F-4D05-A34D-683BFC15186B}
		{5B2A79CB-7986-4411-BFDE-6DB86ADED295} = {E0DCCBB4-FE37-43CE-8B01-7930F76A3102}
		{86AD4A86-5C0B-4A11-991E-CDBBDB5AF3E8} = {E0DCCBB4-FE37-43CE-8B01-7930F76A3102}
		{3EB20951-73C0-4FC5-B436-A8D1A57A1E1C} = {D1272FD9-DDB8-413E-86D4-7417DE651718}
		{8364DCE4-092D-429B-9F70-105D60F3D8A7} = {EFEF16AE-8EEB-4F07-A5FB-0808667AD1B0}
		{23B77323-048B-409D-9377-D341DC0D7D96} = {EFEF16AE-8EEB-4F07-A5FB-0808667AD1B0}
		{6FB2F2DB-D375-48A6-90D4-F4309D42EE88} = {2D894D04-5BB1-43D4-8CFE-8B17F0EC22EB}
		{10D537A2-692C-41F3-9BD4-4DB64D4F6AA6} = {174A8242-0F70-416D-A9F7-B2120B9DE381}
		{3EF3443E-7150-4963-BE7B-26F0B3BECF4B} = {D1272FD9-DDB8-413E-86D4-7417DE651718}
		{FF49CBAE-52B8-4C94-B764-1345A9D264C0} = {D1272FD9-DDB8-413E-86D4-7417DE651718}
	EndGlobalSection
EndGlobal
