
Microsoft Visual Studio Solution File, Format Version 12.00
# Visual Studio 2013
VisualStudioVersion = 12.0.40629.0
MinimumVisualStudioVersion = 10.0.40219.1
Project("{8BC9CEB8-8B4A-11D0-8D11-00A0C91BC942}") = "SQNativeC", "project\SQNativeC\vc12\SQNativeC.vcxproj", "{C362BD8F-8CA5-48F2-8E7A-1BB91B062953}"
EndProject
Project("{8BC9CEB8-8B4A-11D0-8D11-00A0C91BC942}") = "SQCore", "project\SQCore\vc12\SQCore.vcxproj", "{25FDFDE8-75A1-4153-ACC1-E3ECE3174F4E}"
EndProject
Project("{8BC9CEB8-8B4A-11D0-8D11-00A0C91BC942}") = "SQSock", "project\SQSock\vc12\SQSock.vcxproj", "{86AD4A86-5C0B-4A11-991E-CDBBDB5AF3E8}"
EndProject
Global
	GlobalSection(SolutionConfigurationPlatforms) = preSolution
		DLL_Debug|Win32 = DLL_Debug|Win32
		DLL_Debug|x64 = DLL_Debug|x64
		DLL_Release|Win32 = DLL_Release|Win32
		DLL_Release|x64 = DLL_Release|x64
		EXE_Debug|Win32 = EXE_Debug|Win32
		EXE_Debug|x64 = EXE_Debug|x64
		EXE_Release|Win32 = EXE_Release|Win32
		EXE_Release|x64 = EXE_Release|x64
		STATIC_Debug|Win32 = STATIC_Debug|Win32
		STATIC_Debug|x64 = STATIC_Debug|x64
		STATIC_Release|Win32 = STATIC_Release|Win32
		STATIC_Release|x64 = STATIC_Release|x64
	EndGlobalSection
	GlobalSection(ProjectConfigurationPlatforms) = postSolution
		{C362BD8F-8CA5-48F2-8E7A-1BB91B062953}.DLL_Debug|Win32.ActiveCfg = DLL_Debug|Win32
		{C362BD8F-8CA5-48F2-8E7A-1BB91B062953}.DLL_Debug|Win32.Build.0 = DLL_Debug|Win32
		{C362BD8F-8CA5-48F2-8E7A-1BB91B062953}.DLL_Debug|x64.ActiveCfg = DLL_Debug|x64
		{C362BD8F-8CA5-48F2-8E7A-1BB91B062953}.DLL_Debug|x64.Build.0 = DLL_Debug|x64
		{C362BD8F-8CA5-48F2-8E7A-1BB91B062953}.DLL_Release|Win32.ActiveCfg = DLL_Release|Win32
		{C362BD8F-8CA5-48F2-8E7A-1BB91B062953}.DLL_Release|Win32.Build.0 = DLL_Release|Win32
		{C362BD8F-8CA5-48F2-8E7A-1BB91B062953}.DLL_Release|x64.ActiveCfg = DLL_Release|x64
		{C362BD8F-8CA5-48F2-8E7A-1BB91B062953}.DLL_Release|x64.Build.0 = DLL_Release|x64
		{C362BD8F-8CA5-48F2-8E7A-1BB91B062953}.EXE_Debug|Win32.ActiveCfg = EXE_Debug|Win32
		{C362BD8F-8CA5-48F2-8E7A-1BB91B062953}.EXE_Debug|Win32.Build.0 = EXE_Debug|Win32
		{C362BD8F-8CA5-48F2-8E7A-1BB91B062953}.EXE_Debug|x64.ActiveCfg = EXE_Debug|x64
		{C362BD8F-8CA5-48F2-8E7A-1BB91B062953}.EXE_Debug|x64.Build.0 = EXE_Debug|x64
		{C362BD8F-8CA5-48F2-8E7A-1BB91B062953}.EXE_Release|Win32.ActiveCfg = EXE_Release|Win32
		{C362BD8F-8CA5-48F2-8E7A-1BB91B062953}.EXE_Release|Win32.Build.0 = EXE_Release|Win32
		{C362BD8F-8CA5-48F2-8E7A-1BB91B062953}.EXE_Release|x64.ActiveCfg = EXE_Release|x64
		{C362BD8F-8CA5-48F2-8E7A-1BB91B062953}.EXE_Release|x64.Build.0 = EXE_Release|x64
		{C362BD8F-8CA5-48F2-8E7A-1BB91B062953}.STATIC_Debug|Win32.ActiveCfg = STATIC_Debug|Win32
		{C362BD8F-8CA5-48F2-8E7A-1BB91B062953}.STATIC_Debug|Win32.Build.0 = STATIC_Debug|Win32
		{C362BD8F-8CA5-48F2-8E7A-1BB91B062953}.STATIC_Debug|x64.ActiveCfg = STATIC_Debug|x64
		{C362BD8F-8CA5-48F2-8E7A-1BB91B062953}.STATIC_Debug|x64.Build.0 = STATIC_Debug|x64
		{C362BD8F-8CA5-48F2-8E7A-1BB91B062953}.STATIC_Release|Win32.ActiveCfg = STATIC_Release|Win32
		{C362BD8F-8CA5-48F2-8E7A-1BB91B062953}.STATIC_Release|Win32.Build.0 = STATIC_Release|Win32
		{C362BD8F-8CA5-48F2-8E7A-1BB91B062953}.STATIC_Release|x64.ActiveCfg = STATIC_Release|x64
		{C362BD8F-8CA5-48F2-8E7A-1BB91B062953}.STATIC_Release|x64.Build.0 = STATIC_Release|x64
		{25FDFDE8-75A1-4153-ACC1-E3ECE3174F4E}.DLL_Debug|Win32.ActiveCfg = DLL_Debug|Win32
		{25FDFDE8-75A1-4153-ACC1-E3ECE3174F4E}.DLL_Debug|Win32.Build.0 = DLL_Debug|Win32
		{25FDFDE8-75A1-4153-ACC1-E3ECE3174F4E}.DLL_Debug|x64.ActiveCfg = DLL_Debug|x64
		{25FDFDE8-75A1-4153-ACC1-E3ECE3174F4E}.DLL_Debug|x64.Build.0 = DLL_Debug|x64
		{25FDFDE8-75A1-4153-ACC1-E3ECE3174F4E}.DLL_Release|Win32.ActiveCfg = DLL_Release|Win32
		{25FDFDE8-75A1-4153-ACC1-E3ECE3174F4E}.DLL_Release|Win32.Build.0 = DLL_Release|Win32
		{25FDFDE8-75A1-4153-ACC1-E3ECE3174F4E}.DLL_Release|x64.ActiveCfg = DLL_Release|x64
		{25FDFDE8-75A1-4153-ACC1-E3ECE3174F4E}.DLL_Release|x64.Build.0 = DLL_Release|x64
		{25FDFDE8-75A1-4153-ACC1-E3ECE3174F4E}.EXE_Debug|Win32.ActiveCfg = EXE_Debug|Win32
		{25FDFDE8-75A1-4153-ACC1-E3ECE3174F4E}.EXE_Debug|Win32.Build.0 = EXE_Debug|Win32
		{25FDFDE8-75A1-4153-ACC1-E3ECE3174F4E}.EXE_Debug|x64.ActiveCfg = EXE_Debug|x64
		{25FDFDE8-75A1-4153-ACC1-E3ECE3174F4E}.EXE_Debug|x64.Build.0 = EXE_Debug|x64
		{25FDFDE8-75A1-4153-ACC1-E3ECE3174F4E}.EXE_Release|Win32.ActiveCfg = EXE_Release|Win32
		{25FDFDE8-75A1-4153-ACC1-E3ECE3174F4E}.EXE_Release|Win32.Build.0 = EXE_Release|Win32
		{25FDFDE8-75A1-4153-ACC1-E3ECE3174F4E}.EXE_Release|x64.ActiveCfg = EXE_Release|x64
		{25FDFDE8-75A1-4153-ACC1-E3ECE3174F4E}.EXE_Release|x64.Build.0 = EXE_Release|x64
		{25FDFDE8-75A1-4153-ACC1-E3ECE3174F4E}.STATIC_Debug|Win32.ActiveCfg = Static_Debug|Win32
		{25FDFDE8-75A1-4153-ACC1-E3ECE3174F4E}.STATIC_Debug|Win32.Build.0 = Static_Debug|Win32
		{25FDFDE8-75A1-4153-ACC1-E3ECE3174F4E}.STATIC_Debug|x64.ActiveCfg = Static_Debug|x64
		{25FDFDE8-75A1-4153-ACC1-E3ECE3174F4E}.STATIC_Debug|x64.Build.0 = Static_Debug|x64
		{25FDFDE8-75A1-4153-ACC1-E3ECE3174F4E}.STATIC_Release|Win32.ActiveCfg = Static_Release|Win32
		{25FDFDE8-75A1-4153-ACC1-E3ECE3174F4E}.STATIC_Release|Win32.Build.0 = Static_Release|Win32
		{25FDFDE8-75A1-4153-ACC1-E3ECE3174F4E}.STATIC_Release|x64.ActiveCfg = Static_Release|x64
		{25FDFDE8-75A1-4153-ACC1-E3ECE3174F4E}.STATIC_Release|x64.Build.0 = Static_Release|x64
		{86AD4A86-5C0B-4A11-991E-CDBBDB5AF3E8}.DLL_Debug|Win32.ActiveCfg = DLL_Debug|Win32
		{86AD4A86-5C0B-4A11-991E-CDBBDB5AF3E8}.DLL_Debug|Win32.Build.0 = DLL_Debug|Win32
		{86AD4A86-5C0B-4A11-991E-CDBBDB5AF3E8}.DLL_Debug|x64.ActiveCfg = DLL_Debug|x64
		{86AD4A86-5C0B-4A11-991E-CDBBDB5AF3E8}.DLL_Debug|x64.Build.0 = DLL_Debug|x64
		{86AD4A86-5C0B-4A11-991E-CDBBDB5AF3E8}.DLL_Release|Win32.ActiveCfg = DLL_Release|Win32
		{86AD4A86-5C0B-4A11-991E-CDBBDB5AF3E8}.DLL_Release|Win32.Build.0 = DLL_Release|Win32
		{86AD4A86-5C0B-4A11-991E-CDBBDB5AF3E8}.DLL_Release|x64.ActiveCfg = DLL_Release|x64
		{86AD4A86-5C0B-4A11-991E-CDBBDB5AF3E8}.DLL_Release|x64.Build.0 = DLL_Release|x64
		{86AD4A86-5C0B-4A11-991E-CDBBDB5AF3E8}.EXE_Debug|Win32.ActiveCfg = EXE_Debug|Win32
		{86AD4A86-5C0B-4A11-991E-CDBBDB5AF3E8}.EXE_Debug|Win32.Build.0 = EXE_Debug|Win32
		{86AD4A86-5C0B-4A11-991E-CDBBDB5AF3E8}.EXE_Debug|x64.ActiveCfg = EXE_Debug|x64
		{86AD4A86-5C0B-4A11-991E-CDBBDB5AF3E8}.EXE_Debug|x64.Build.0 = EXE_Debug|x64
		{86AD4A86-5C0B-4A11-991E-CDBBDB5AF3E8}.EXE_Release|Win32.ActiveCfg = EXE_Release|Win32
		{86AD4A86-5C0B-4A11-991E-CDBBDB5AF3E8}.EXE_Release|Win32.Build.0 = EXE_Release|Win32
		{86AD4A86-5C0B-4A11-991E-CDBBDB5AF3E8}.EXE_Release|x64.ActiveCfg = EXE_Release|x64
		{86AD4A86-5C0B-4A11-991E-CDBBDB5AF3E8}.EXE_Release|x64.Build.0 = EXE_Release|x64
		{86AD4A86-5C0B-4A11-991E-CDBBDB5AF3E8}.STATIC_Debug|Win32.ActiveCfg = STATIC_Debug|Win32
		{86AD4A86-5C0B-4A11-991E-CDBBDB5AF3E8}.STATIC_Debug|Win32.Build.0 = STATIC_Debug|Win32
		{86AD4A86-5C0B-4A11-991E-CDBBDB5AF3E8}.STATIC_Debug|x64.ActiveCfg = STATIC_Debug|x64
		{86AD4A86-5C0B-4A11-991E-CDBBDB5AF3E8}.STATIC_Debug|x64.Build.0 = STATIC_Debug|x64
		{86AD4A86-5C0B-4A11-991E-CDBBDB5AF3E8}.STATIC_Release|Win32.ActiveCfg = STATIC_Release|Win32
		{86AD4A86-5C0B-4A11-991E-CDBBDB5AF3E8}.STATIC_Release|Win32.Build.0 = STATIC_Release|Win32
		{86AD4A86-5C0B-4A11-991E-CDBBDB5AF3E8}.STATIC_Release|x64.ActiveCfg = STATIC_Release|x64
		{86AD4A86-5C0B-4A11-991E-CDBBDB5AF3E8}.STATIC_Release|x64.Build.0 = STATIC_Release|x64
	EndGlobalSection
	GlobalSection(SolutionProperties) = preSolution
		HideSolutionNode = FALSE
	EndGlobalSection
EndGlobal
