<?xml version="1.0" encoding="utf-8"?>
<Project ToolsVersion="4.0" xmlns="http://schemas.microsoft.com/developer/msbuild/2003">
  <ItemGroup>
    <Filter Include="start">
      <UniqueIdentifier>{4FC737F1-C7A5-4376-A066-2A32D752A2FF}</UniqueIdentifier>
      <Extensions>cpp;c;cc;cxx;def;odl;idl;hpj;bat;asm;asmx</Extensions>
    </Filter>
    <Filter Include="library">
      <UniqueIdentifier>{4086e521-c1c8-4c70-abf1-3cd44fa50061}</UniqueIdentifier>
    </Filter>
    <Filter Include="start\res">
      <UniqueIdentifier>{9e37f181-49bc-4b81-9993-660eeb855647}</UniqueIdentifier>
    </Filter>
    <Filter Include="MP4">
      <UniqueIdentifier>{950916f6-7eed-45e0-9eda-58007735c54f}</UniqueIdentifier>
    </Filter>
  </ItemGroup>
  <ItemGroup>
    <ClInclude Include="stdafx.h">
      <Filter>start</Filter>
    </ClInclude>
    <ClInclude Include="targetver.h">
      <Filter>start</Filter>
    </ClInclude>
    <ClInclude Include="..\RES\resource.h">
      <Filter>start\res</Filter>
    </ClInclude>
    <ClInclude Include="..\src\ffmpeg_helloworld.hpp">
      <Filter>library</Filter>
    </ClInclude>
    <ClInclude Include="..\src\ffmpeg_player.hpp">
      <Filter>library</Filter>
    </ClInclude>
    <ClInclude Include="..\src\ffmpeg_player_su.hpp">
      <Filter>library</Filter>
    </ClInclude>
    <ClInclude Include="..\src\ffmpeg_video_play_sdl2.hpp">
      <Filter>library</Filter>
    </ClInclude>
    <ClInclude Include="..\src\ffmpeg_decoder.hpp">
      <Filter>library</Filter>
    </ClInclude>
    <ClInclude Include="..\src\ffmpeg_decoder_pure.hpp">
      <Filter>library</Filter>
    </ClInclude>
    <ClInclude Include="..\src\ffmpeg_audio_play_sdl2.hpp">
      <Filter>library</Filter>
    </ClInclude>
    <ClInclude Include="..\src\ffmpeg_audio_decoder.hpp">
      <Filter>library</Filter>
    </ClInclude>
    <ClInclude Include="..\src\ffmpeg_audio_player.hpp">
      <Filter>library</Filter>
    </ClInclude>
    <ClInclude Include="..\src\ffmpeg_picture_encoder.hpp">
      <Filter>library</Filter>
    </ClInclude>
    <ClInclude Include="..\src\CMP4.h">
      <Filter>MP4</Filter>
    </ClInclude>
    <ClInclude Include="..\src\WinMP4.hpp">
      <Filter>MP4</Filter>
    </ClInclude>
  </ItemGroup>
  <ItemGroup>
    <ClCompile Include="stdafx.cpp">
      <Filter>start</Filter>
    </ClCompile>
    <ClCompile Include="SQffmpeg.cpp">
      <Filter>start</Filter>
    </ClCompile>
    <ClCompile Include="..\src\CMP4.cpp">
      <Filter>MP4</Filter>
    </ClCompile>
  </ItemGroup>
  <ItemGroup>
    <ResourceCompile Include="..\RES\SQC.rc">
      <Filter>start\res</Filter>
    </ResourceCompile>
  </ItemGroup>
  <ItemGroup>
    <Image Include="..\RES\icon.ico">
      <Filter>start\res</Filter>
    </Image>
  </ItemGroup>
</Project>